{
  "name": "gameServer",
  "lockfileVersion": 3,
  "requires": true,
  "packages": {
    "": {
      "dependencies": {
        "nakama-runtime": "github:heroiclabs/nakama-common",
        "typescript": "^5.1.3"
      }
    },
    "node_modules/nakama-runtime": {
      "version": "1.27.0",
      "resolved": "git+ssh://git@github.com/heroiclabs/nakama-common.git#03252a540ccf546faa3f72e4011ffe7e2e82dcd4",
      "license": "Apache-2.0"
    },
    "node_modules/typescript": {
      "version": "5.1.3",
      "resolved": "https://registry.npmjs.org/typescript/-/typescript-5.1.3.tgz",
      "integrity": "sha512-XH627E9vkeqhlZFQuL+UsyAXEnibT0kWR2FWONlr4sTjvxyJYnyefgrkyECLzM5NenmKzRAy2rR/OlYLA1HkZw==",
      "bin": {
        "tsc": "bin/tsc",
        "tsserver": "bin/tsserver"
      },
      "engines": {
        "node": ">=14.17"
      }
    }
  }
}
